{
    "_readme": [
        "This file locks the dependencies of your project to a known state",
        "Read more about it at https://getcomposer.org/doc/01-basic-usage.md#composer-lock-the-lock-file",
        "This file is @generated automatically"
    ],
    "hash": "ca4d2bd463790a47ea43ae1f1cab5822",
    "content-hash": "9c27e458f1f7b125c2716e563c58f1b8",
    "packages": [
        {
            "name": "travis/ex",
            "version": "dev-master",
            "source": {
                "type": "git",
                "url": "https://github.com/swt83/php-ex.git",
                "reference": "08d3855d134fab28712bd673fbf561e532ffcfba"
            },
            "dist": {
                "type": "zip",
                "url": "https://api.github.com/repos/swt83/php-ex/zipball/08d3855d134fab28712bd673fbf561e532ffcfba",
                "reference": "08d3855d134fab28712bd673fbf561e532ffcfba",
                "shasum": ""
            },
            "require": {
                "php": ">=5.3.0"
            },
            "type": "library",
            "autoload": {
                "files": [
                    "src/ex.php"
                ]
            },
            "license": [
                "MIT"
            ],
            "authors": [
                {
                    "name": "Scott Travis",
                    "email": "scott.w.travis@gmail.com"
                }
            ],
            "description": "A PHP function to safely extract information from a multi-dimensional object or array.",
            "homepage": "https://github.com/swt83/php-ex",
            "support": {
                "source": "https://github.com/swt83/php-ex/tree/master",
                "issues": "https://github.com/swt83/php-ex/issues"
            },
            "time": "2015-03-10 19:12:08"
        }
    ],
    "packages-dev": [],
    "aliases": [],
    "minimum-stability": "dev",
    "stability-flags": [],
    "prefer-stable": false,
    "prefer-lowest": false,
    "platform": {
        "php": ">=5.3.0"
    },
    "platform-dev": []
}
